
Microsoft Visual Studio Solution File, Format Version 12.00
# Visual Studio Version 17
VisualStudioVersion = 17.1.32414.318
MinimumVisualStudioVersion = 10.0.40219.1
Project("{FAE04EC0-301F-11D3-BF4B-00C04F79EFBC}") = "StudentAdmissionManagement", "StudentAdmissionManagement\StudentAdmissionManagement.csproj", "{B75CBC77-A392-4D0A-BF71-615F5F376CF7}"
EndProject
Project("{FAE04EC0-301F-11D3-BF4B-00C04F79EFBC}") = "StudentAttendanceManagement", "StudentAttendanceManagement\StudentAttendanceManagement.csproj", "{87F27535-DC2C-4E06-81B8-FE00095954A1}"
EndProject
Global
	GlobalSection(SolutionConfigurationPlatforms) = preSolution
		Debug|Any CPU = Debug|Any CPU
		Release|Any CPU = Release|Any CPU
	EndGlobalSection
	GlobalSection(ProjectConfigurationPlatforms) = postSolution
		{B75CBC77-A392-4D0A-BF71-615F5F376CF7}.Debug|Any CPU.ActiveCfg = Debug|Any CPU
		{B75CBC77-A392-4D0A-BF71-615F5F376CF7}.Debug|Any CPU.Build.0 = Debug|Any CPU
		{B75CBC77-A392-4D0A-BF71-615F5F376CF7}.Release|Any CPU.ActiveCfg = Release|Any CPU
		{B75CBC77-A392-4D0A-BF71-615F5F376CF7}.Release|Any CPU.Build.0 = Release|Any CPU
		{87F27535-DC2C-4E06-81B8-FE00095954A1}.Debug|Any CPU.ActiveCfg = Debug|Any CPU
		{87F27535-DC2C-4E06-81B8-FE00095954A1}.Debug|Any CPU.Build.0 = Debug|Any CPU
		{87F27535-DC2C-4E06-81B8-FE00095954A1}.Release|Any CPU.ActiveCfg = Release|Any CPU
		{87F27535-DC2C-4E06-81B8-FE00095954A1}.Release|Any CPU.Build.0 = Release|Any CPU
	EndGlobalSection
	GlobalSection(SolutionProperties) = preSolution
		HideSolutionNode = FALSE
	EndGlobalSection
	GlobalSection(ExtensibilityGlobals) = postSolution
		SolutionGuid = {1A56DE15-B5FC-45D4-8FBE-F36ADED3841C}
	EndGlobalSection
EndGlobal
